
Microsoft Visual Studio Solution File, Format Version 12.00
# Visual Studio 15
VisualStudioVersion = 15.0.26730.8
MinimumVisualStudioVersion = 10.0.40219.1
Project("{8BC9CEB8-8B4A-11D0-8D11-00A0C91BC942}") = "AssessmentOne", "StringClass\AssessmentOne.vcxproj", "{45B91443-4B17-4504-952F-E3301F2B8DC3}"
EndProject
Project("{8BC9CEB8-8B4A-11D0-8D11-00A0C91BC942}") = "WumpusWorld", "WumpusWorld\WumpusWorld.vcxproj", "{9C1E948F-4E68-4113-9E22-0D4E9A8FB402}"
EndProject
Project("{8BC9CEB8-8B4A-11D0-8D11-00A0C91BC942}") = "TicTakToe", "Project1\Project1.vcxproj", "{FB4C932A-C24C-46B9-91AF-6880494CCE76}"
EndProject
Project("{8BC9CEB8-8B4A-11D0-8D11-00A0C91BC942}") = "Tic_Tac_Toe", "Tic_Tac_Toe\Tic_Tac_Toe.vcxproj", "{84FDEE50-F14E-4D28-ABEB-ED9AF49224D9}"
EndProject
Global
	GlobalSection(SolutionConfigurationPlatforms) = preSolution
		Debug|x64 = Debug|x64
		Debug|x86 = Debug|x86
		Release|x64 = Release|x64
		Release|x86 = Release|x86
	EndGlobalSection
	GlobalSection(ProjectConfigurationPlatforms) = postSolution
		{45B91443-4B17-4504-952F-E3301F2B8DC3}.Debug|x64.ActiveCfg = Debug|x64
		{45B91443-4B17-4504-952F-E3301F2B8DC3}.Debug|x64.Build.0 = Debug|x64
		{45B91443-4B17-4504-952F-E3301F2B8DC3}.Debug|x64.Deploy.0 = Debug|x64
		{45B91443-4B17-4504-952F-E3301F2B8DC3}.Debug|x86.ActiveCfg = Debug|Win32
		{45B91443-4B17-4504-952F-E3301F2B8DC3}.Debug|x86.Build.0 = Debug|Win32
		{45B91443-4B17-4504-952F-E3301F2B8DC3}.Release|x64.ActiveCfg = Release|x64
		{45B91443-4B17-4504-952F-E3301F2B8DC3}.Release|x64.Build.0 = Release|x64
		{45B91443-4B17-4504-952F-E3301F2B8DC3}.Release|x86.ActiveCfg = Release|Win32
		{45B91443-4B17-4504-952F-E3301F2B8DC3}.Release|x86.Build.0 = Release|Win32
		{9C1E948F-4E68-4113-9E22-0D4E9A8FB402}.Debug|x64.ActiveCfg = Debug|x64
		{9C1E948F-4E68-4113-9E22-0D4E9A8FB402}.Debug|x64.Build.0 = Debug|x64
		{9C1E948F-4E68-4113-9E22-0D4E9A8FB402}.Debug|x64.Deploy.0 = Debug|x64
		{9C1E948F-4E68-4113-9E22-0D4E9A8FB402}.Debug|x86.ActiveCfg = Debug|Win32
		{9C1E948F-4E68-4113-9E22-0D4E9A8FB402}.Debug|x86.Build.0 = Debug|Win32
		{9C1E948F-4E68-4113-9E22-0D4E9A8FB402}.Release|x64.ActiveCfg = Release|x64
		{9C1E948F-4E68-4113-9E22-0D4E9A8FB402}.Release|x64.Build.0 = Release|x64
		{9C1E948F-4E68-4113-9E22-0D4E9A8FB402}.Release|x86.ActiveCfg = Release|Win32
		{9C1E948F-4E68-4113-9E22-0D4E9A8FB402}.Release|x86.Build.0 = Release|Win32
		{FB4C932A-C24C-46B9-91AF-6880494CCE76}.Debug|x64.ActiveCfg = Debug|x64
		{FB4C932A-C24C-46B9-91AF-6880494CCE76}.Debug|x64.Build.0 = Debug|x64
		{FB4C932A-C24C-46B9-91AF-6880494CCE76}.Debug|x86.ActiveCfg = Debug|Win32
		{FB4C932A-C24C-46B9-91AF-6880494CCE76}.Debug|x86.Build.0 = Debug|Win32
		{FB4C932A-C24C-46B9-91AF-6880494CCE76}.Release|x64.ActiveCfg = Release|x64
		{FB4C932A-C24C-46B9-91AF-6880494CCE76}.Release|x64.Build.0 = Release|x64
		{FB4C932A-C24C-46B9-91AF-6880494CCE76}.Release|x86.ActiveCfg = Release|Win32
		{FB4C932A-C24C-46B9-91AF-6880494CCE76}.Release|x86.Build.0 = Release|Win32
		{84FDEE50-F14E-4D28-ABEB-ED9AF49224D9}.Debug|x64.ActiveCfg = Debug|x64
		{84FDEE50-F14E-4D28-ABEB-ED9AF49224D9}.Debug|x64.Build.0 = Debug|x64
		{84FDEE50-F14E-4D28-ABEB-ED9AF49224D9}.Debug|x86.ActiveCfg = Debug|Win32
		{84FDEE50-F14E-4D28-ABEB-ED9AF49224D9}.Debug|x86.Build.0 = Debug|Win32
		{84FDEE50-F14E-4D28-ABEB-ED9AF49224D9}.Release|x64.ActiveCfg = Release|x64
		{84FDEE50-F14E-4D28-ABEB-ED9AF49224D9}.Release|x64.Build.0 = Release|x64
		{84FDEE50-F14E-4D28-ABEB-ED9AF49224D9}.Release|x86.ActiveCfg = Release|Win32
		{84FDEE50-F14E-4D28-ABEB-ED9AF49224D9}.Release|x86.Build.0 = Release|Win32
	EndGlobalSection
	GlobalSection(SolutionProperties) = preSolution
		HideSolutionNode = FALSE
	EndGlobalSection
	GlobalSection(ExtensibilityGlobals) = postSolution
		SolutionGuid = {DD0E20D3-E68E-4290-8167-4812790C5EF3}
	EndGlobalSection
EndGlobal
